// !$*UTF8*$!
{
	archiveVersion = 1;
	classes = {
	};
	objectVersion = 77;
	objects = {

/* Begin PBXContainerItemProxy section */
		88FAC2D72CEBEA3300F2AD5D /* PBXContainerItemProxy */ = {
			isa = PBXContainerItemProxy;
			containerPortal = 88FAC2BE2CEBEA3100F2AD5D /* Project object */;
			proxyType = 1;
			remoteGlobalIDString = 88FAC2C52CEBEA3100F2AD5D;
			remoteInfo = "IOS Volleyball";
		};
		88FAC2E12CEBEA3300F2AD5D /* PBXContainerItemProxy */ = {
			isa = PBXContainerItemProxy;
			containerPortal = 88FAC2BE2CEBEA3100F2AD5D /* Project object */;
			proxyType = 1;
			remoteGlobalIDString = 88FAC2C52CEBEA3100F2AD5D;
			remoteInfo = "IOS Volleyball";
		};
/* End PBXContainerItemProxy section */

/* Begin PBXFileReference section */
		88FAC2C62CEBEA3100F2AD5D /* IOS Volleyball.app */ = {isa = PBXFileReference; explicitFileType = wrapper.application; includeInIndex = 0; path = "IOS Volleyball.app"; sourceTree = BUILT_PRODUCTS_DIR; };
		88FAC2D62CEBEA3300F2AD5D /* IOS VolleyballTests.xctest */ = {isa = PBXFileReference; explicitFileType = wrapper.cfbundle; includeInIndex = 0; path = "IOS VolleyballTests.xctest"; sourceTree = BUILT_PRODUCTS_DIR; };
		88FAC2E02CEBEA3300F2AD5D /* IOS VolleyballUITests.xctest */ = {isa = PBXFileReference; explicitFileType = wrapper.cfbundle; includeInIndex = 0; path = "IOS VolleyballUITests.xctest"; sourceTree = BUILT_PRODUCTS_DIR; };
/* End PBXFileReference section */

/* Begin PBXFileSystemSynchronizedRootGroup section */
		88FAC2C82CEBEA3100F2AD5D /* IOS Volleyball */ = {
			isa = PBXFileSystemSynchronizedRootGroup;
			path = "IOS Volleyball";
			sourceTree = "<group>";
		};
		88FAC2D92CEBEA3300F2AD5D /* IOS VolleyballTests */ = {
			isa = PBXFileSystemSynchronizedRootGroup;
			path = "IOS VolleyballTests";
			sourceTree = "<group>";
		};
		88FAC2E32CEBEA3300F2AD5D /* IOS VolleyballUITests */ = {
			isa = PBXFileSystemSynchronizedRootGroup;
			path = "IOS VolleyballUITests";
			sourceTree = "<group>";
		};
/* End PBXFileSystemSynchronizedRootGroup section */

/* Begin PBXFrameworksBuildPhase section */
		88FAC2C32CEBEA3100F2AD5D /* Frameworks */ = {
			isa = PBXFrameworksBuildPhase;
			buildActionMask = 2147483647;
			files = (
			);
			runOnlyForDeploymentPostprocessing = 0;
		};
		88FAC2D32CEBEA3300F2AD5D /* Frameworks */ = {
			isa = PBXFrameworksBuildPhase;
			buildActionMask = 2147483647;
			files = (
			);
			runOnlyForDeploymentPostprocessing = 0;
		};
		88FAC2DD2CEBEA3300F2AD5D /* Frameworks */ = {
			isa = PBXFrameworksBuildPhase;
			buildActionMask = 2147483647;
			files = (
			);
			runOnlyForDeploymentPostprocessing = 0;
		};
/* End PBXFrameworksBuildPhase section */

/* Begin PBXGroup section */
		88FAC2BD2CEBEA3100F2AD5D = {
			isa = PBXGroup;
			children = (
				88FAC2C82CEBEA3100F2AD5D /* IOS Volleyball */,
				88FAC2D92CEBEA3300F2AD5D /* IOS VolleyballTests */,
				88FAC2E32CEBEA3300F2AD5D /* IOS VolleyballUITests */,
				88FAC2C72CEBEA3100F2AD5D /* Products */,
			);
			sourceTree = "<group>";
		};
		88FAC2C72CEBEA3100F2AD5D /* Products */ = {
			isa = PBXGroup;
			children = (
				88FAC2C62CEBEA3100F2AD5D /* IOS Volleyball.app */,
				88FAC2D62CEBEA3300F2AD5D /* IOS VolleyballTests.xctest */,
				88FAC2E02CEBEA3300F2AD5D /* IOS VolleyballUITests.xctest */,
			);
			name = Products;
			sourceTree = "<group>";
		};
/* End PBXGroup section */

/* Begin PBXNativeTarget section */
		88FAC2C52CEBEA3100F2AD5D /* IOS Volleyball */ = {
			isa = PBXNativeTarget;
			buildConfigurationList = 88FAC2EA2CEBEA3300F2AD5D /* Build configuration list for PBXNativeTarget "IOS Volleyball" */;
			buildPhases = (
				88FAC2C22CEBEA3100F2AD5D /* Sources */,
				88FAC2C32CEBEA3100F2AD5D /* Frameworks */,
				88FAC2C42CEBEA3100F2AD5D /* Resources */,
			);
			buildRules = (
			);
			dependencies = (
			);
			fileSystemSynchronizedGroups = (
				88FAC2C82CEBEA3100F2AD5D /* IOS Volleyball */,
			);
			name = "IOS Volleyball";
			packageProductDependencies = (
			);
			productName = "IOS Volleyball";
			productReference = 88FAC2C62CEBEA3100F2AD5D /* IOS Volleyball.app */;
			productType = "com.apple.product-type.application";
		};
		88FAC2D52CEBEA3300F2AD5D /* IOS VolleyballTests */ = {
			isa = PBXNativeTarget;
			buildConfigurationList = 88FAC2ED2CEBEA3300F2AD5D /* Build configuration list for PBXNativeTarget "IOS VolleyballTests" */;
			buildPhases = (
				88FAC2D22CEBEA3300F2AD5D /* Sources */,
				88FAC2D32CEBEA3300F2AD5D /* Frameworks */,
				88FAC2D42CEBEA3300F2AD5D /* Resources */,
			);
			buildRules = (
			);
			dependencies = (
				88FAC2D82CEBEA3300F2AD5D /* PBXTargetDependency */,
			);
			fileSystemSynchronizedGroups = (
				88FAC2D92CEBEA3300F2AD5D /* IOS VolleyballTests */,
			);
			name = "IOS VolleyballTests";
			packageProductDependencies = (
			);
			productName = "IOS VolleyballTests";
			productReference = 88FAC2D62CEBEA3300F2AD5D /* IOS VolleyballTests.xctest */;
			productType = "com.apple.product-type.bundle.unit-test";
		};
		88FAC2DF2CEBEA3300F2AD5D /* IOS VolleyballUITests */ = {
			isa = PBXNativeTarget;
			buildConfigurationList = 88FAC2F02CEBEA3300F2AD5D /* Build configuration list for PBXNativeTarget "IOS VolleyballUITests" */;
			buildPhases = (
				88FAC2DC2CEBEA3300F2AD5D /* Sources */,
				88FAC2DD2CEBEA3300F2AD5D /* Frameworks */,
				88FAC2DE2CEBEA3300F2AD5D /* Resources */,
			);
			buildRules = (
			);
			dependencies = (
				88FAC2E22CEBEA3300F2AD5D /* PBXTargetDependency */,
			);
			fileSystemSynchronizedGroups = (
				88FAC2E32CEBEA3300F2AD5D /* IOS VolleyballUITests */,
			);
			name = "IOS VolleyballUITests";
			packageProductDependencies = (
			);
			productName = "IOS VolleyballUITests";
			productReference = 88FAC2E02CEBEA3300F2AD5D /* IOS VolleyballUITests.xctest */;
			productType = "com.apple.product-type.bundle.ui-testing";
		};
/* End PBXNativeTarget section */

/* Begin PBXProject section */
		88FAC2BE2CEBEA3100F2AD5D /* Project object */ = {
			isa = PBXProject;
			attributes = {
				BuildIndependentTargetsInParallel = 1;
				LastSwiftUpdateCheck = 1610;
				LastUpgradeCheck = 1610;
				TargetAttributes = {
					88FAC2C52CEBEA3100F2AD5D = {
						CreatedOnToolsVersion = 16.1;
					};
					88FAC2D52CEBEA3300F2AD5D = {
						CreatedOnToolsVersion = 16.1;
						TestTargetID = 88FAC2C52CEBEA3100F2AD5D;
					};
					88FAC2DF2CEBEA3300F2AD5D = {
						CreatedOnToolsVersion = 16.1;
						TestTargetID = 88FAC2C52CEBEA3100F2AD5D;
					};
				};
			};
			buildConfigurationList = 88FAC2C12CEBEA3100F2AD5D /* Build configuration list for PBXProject "IOS Volleyball" */;
			developmentRegion = en;
			hasScannedForEncodings = 0;
			knownRegions = (
				en,
				Base,
			);
			mainGroup = 88FAC2BD2CEBEA3100F2AD5D;
			minimizedProjectReferenceProxies = 1;
			preferredProjectObjectVersion = 77;
			productRefGroup = 88FAC2C72CEBEA3100F2AD5D /* Products */;
			projectDirPath = "";
			projectRoot = "";
			targets = (
				88FAC2C52CEBEA3100F2AD5D /* IOS Volleyball */,
				88FAC2D52CEBEA3300F2AD5D /* IOS VolleyballTests */,
				88FAC2DF2CEBEA3300F2AD5D /* IOS VolleyballUITests */,
			);
		};
/* End PBXProject section */

/* Begin PBXResourcesBuildPhase section */
		88FAC2C42CEBEA3100F2AD5D /* Resources */ = {
			isa = PBXResourcesBuildPhase;
			buildActionMask = 2147483647;
			files = (
			);
			runOnlyForDeploymentPostprocessing = 0;
		};
		88FAC2D42CEBEA3300F2AD5D /* Resources */ = {
			isa = PBXResourcesBuildPhase;
			buildActionMask = 2147483647;
			files = (
			);
			runOnlyForDeploymentPostprocessing = 0;
		};
		88FAC2DE2CEBEA3300F2AD5D /* Resources */ = {
			isa = PBXResourcesBuildPhase;
			buildActionMask = 2147483647;
			files = (
			);
			runOnlyForDeploymentPostprocessing = 0;
		};
/* End PBXResourcesBuildPhase section */

/* Begin PBXSourcesBuildPhase section */
		88FAC2C22CEBEA3100F2AD5D /* Sources */ = {
			isa = PBXSourcesBuildPhase;
			buildActionMask = 2147483647;
			files = (
			);
			runOnlyForDeploymentPostprocessing = 0;
		};
		88FAC2D22CEBEA3300F2AD5D /* Sources */ = {
			isa = PBXSourcesBuildPhase;
			buildActionMask = 2147483647;
			files = (
			);
			runOnlyForDeploymentPostprocessing = 0;
		};
		88FAC2DC2CEBEA3300F2AD5D /* Sources */ = {
			isa = PBXSourcesBuildPhase;
			buildActionMask = 2147483647;
			files = (
			);
			runOnlyForDeploymentPostprocessing = 0;
		};
/* End PBXSourcesBuildPhase section */

/* Begin PBXTargetDependency section */
		88FAC2D82CEBEA3300F2AD5D /* PBXTargetDependency */ = {
			isa = PBXTargetDependency;
			target = 88FAC2C52CEBEA3100F2AD5D /* IOS Volleyball */;
			targetProxy = 88FAC2D72CEBEA3300F2AD5D /* PBXContainerItemProxy */;
		};
		88FAC2E22CEBEA3300F2AD5D /* PBXTargetDependency */ = {
			isa = PBXTargetDependency;
			target = 88FAC2C52CEBEA3100F2AD5D /* IOS Volleyball */;
			targetProxy = 88FAC2E12CEBEA3300F2AD5D /* PBXContainerItemProxy */;
		};
/* End PBXTargetDependency section */

/* Begin XCBuildConfiguration section */
		88FAC2E82CEBEA3300F2AD5D /* Debug */ = {
			isa = XCBuildConfiguration;
			buildSettings = {
				ALWAYS_SEARCH_USER_PATHS = NO;
				ASSETCATALOG_COMPILER_GENERATE_SWIFT_ASSET_SYMBOL_EXTENSIONS = YES;
				CLANG_ANALYZER_NONNULL = YES;
				CLANG_ANALYZER_NUMBER_OBJECT_CONVERSION = YES_AGGRESSIVE;
				CLANG_CXX_LANGUAGE_STANDARD = "gnu++20";
				CLANG_ENABLE_MODULES = YES;
				CLANG_ENABLE_OBJC_ARC = YES;
				CLANG_ENABLE_OBJC_WEAK = YES;
				CLANG_WARN_BLOCK_CAPTURE_AUTORELEASING = YES;
				CLANG_WARN_BOOL_CONVERSION = YES;
				CLANG_WARN_COMMA = YES;
				CLANG_WARN_CONSTANT_CONVERSION = YES;
				CLANG_WARN_DEPRECATED_OBJC_IMPLEMENTATIONS = YES;
				CLANG_WARN_DIRECT_OBJC_ISA_USAGE = YES_ERROR;
				CLANG_WARN_DOCUMENTATION_COMMENTS = YES;
				CLANG_WARN_EMPTY_BODY = YES;
				CLANG_WARN_ENUM_CONVERSION = YES;
				CLANG_WARN_INFINITE_RECURSION = YES;
				CLANG_WARN_INT_CONVERSION = YES;
				CLANG_WARN_NON_LITERAL_NULL_CONVERSION = YES;
				CLANG_WARN_OBJC_IMPLICIT_RETAIN_SELF = YES;
				CLANG_WARN_OBJC_LITERAL_CONVERSION = YES;
				CLANG_WARN_OBJC_ROOT_CLASS = YES_ERROR;
				CLANG_WARN_QUOTED_INCLUDE_IN_FRAMEWORK_HEADER = YES;
				CLANG_WARN_RANGE_LOOP_ANALYSIS = YES;
				CLANG_WARN_STRICT_PROTOTYPES = YES;
				CLANG_WARN_SUSPICIOUS_MOVE = YES;
				CLANG_WARN_UNGUARDED_AVAILABILITY = YES_AGGRESSIVE;
				CLANG_WARN_UNREACHABLE_CODE = YES;
				CLANG_WARN__DUPLICATE_METHOD_MATCH = YES;
				COPY_PHASE_STRIP = NO;
				DEBUG_INFORMATION_FORMAT = dwarf;
				ENABLE_STRICT_OBJC_MSGSEND = YES;
				ENABLE_TESTABILITY = YES;
				ENABLE_USER_SCRIPT_SANDBOXING = YES;
				GCC_C_LANGUAGE_STANDARD = gnu17;
				GCC_DYNAMIC_NO_PIC = NO;
				GCC_NO_COMMON_BLOCKS = YES;
				GCC_OPTIMIZATION_LEVEL = 0;
				GCC_PREPROCESSOR_DEFINITIONS = (
					"DEBUG=1",
					"$(inherited)",
				);
				GCC_WARN_64_TO_32_BIT_CONVERSION = YES;
				GCC_WARN_ABOUT_RETURN_TYPE = YES_ERROR;
				GCC_WARN_UNDECLARED_SELECTOR = YES;
				GCC_WARN_UNINITIALIZED_AUTOS = YES_AGGRESSIVE;
				GCC_WARN_UNUSED_FUNCTION = YES;
				GCC_WARN_UNUSED_VARIABLE = YES;
				IPHONEOS_DEPLOYMENT_TARGET = 18.1;
				LOCALIZATION_PREFERS_STRING_CATALOGS = YES;
				MTL_ENABLE_DEBUG_INFO = INCLUDE_SOURCE;
				MTL_FAST_MATH = YES;
				ONLY_ACTIVE_ARCH = YES;
				SDKROOT = iphoneos;
				SWIFT_ACTIVE_COMPILATION_CONDITIONS = "DEBUG $(inherited)";
				SWIFT_OPTIMIZATION_LEVEL = "-Onone";
			};
			name = Debug;
		};
		88FAC2E92CEBEA3300F2AD5D /* Release */ = {
			isa = XCBuildConfiguration;
			buildSettings = {
				ALWAYS_SEARCH_USER_PATHS = NO;
				ASSETCATALOG_COMPILER_GENERATE_SWIFT_ASSET_SYMBOL_EXTENSIONS = YES;
				CLANG_ANALYZER_NONNULL = YES;
				CLANG_ANALYZER_NUMBER_OBJECT_CONVERSION = YES_AGGRESSIVE;
				CLANG_CXX_LANGUAGE_STANDARD = "gnu++20";
				CLANG_ENABLE_MODULES = YES;
				CLANG_ENABLE_OBJC_ARC = YES;
				CLANG_ENABLE_OBJC_WEAK = YES;
				CLANG_WARN_BLOCK_CAPTURE_AUTORELEASING = YES;
				CLANG_WARN_BOOL_CONVERSION = YES;
				CLANG_WARN_COMMA = YES;
				CLANG_WARN_CONSTANT_CONVERSION = YES;
				CLANG_WARN_DEPRECATED_OBJC_IMPLEMENTATIONS = YES;
				CLANG_WARN_DIRECT_OBJC_ISA_USAGE = YES_ERROR;
				CLANG_WARN_DOCUMENTATION_COMMENTS = YES;
				CLANG_WARN_EMPTY_BODY = YES;
				CLANG_WARN_ENUM_CONVERSION = YES;
				CLANG_WARN_INFINITE_RECURSION = YES;
				CLANG_WARN_INT_CONVERSION = YES;
				CLANG_WARN_NON_LITERAL_NULL_CONVERSION = YES;
				CLANG_WARN_OBJC_IMPLICIT_RETAIN_SELF = YES;
				CLANG_WARN_OBJC_LITERAL_CONVERSION = YES;
				CLANG_WARN_OBJC_ROOT_CLASS = YES_ERROR;
				CLANG_WARN_QUOTED_INCLUDE_IN_FRAMEWORK_HEADER = YES;
				CLANG_WARN_RANGE_LOOP_ANALYSIS = YES;
				CLANG_WARN_STRICT_PROTOTYPES = YES;
				CLANG_WARN_SUSPICIOUS_MOVE = YES;
				CLANG_WARN_UNGUARDED_AVAILABILITY = YES_AGGRESSIVE;
				CLANG_WARN_UNREACHABLE_CODE = YES;
				CLANG_WARN__DUPLICATE_METHOD_MATCH = YES;
				COPY_PHASE_STRIP = NO;
				DEBUG_INFORMATION_FORMAT = "dwarf-with-dsym";
				ENABLE_NS_ASSERTIONS = NO;
				ENABLE_STRICT_OBJC_MSGSEND = YES;
				ENABLE_USER_SCRIPT_SANDBOXING = YES;
				GCC_C_LANGUAGE_STANDARD = gnu17;
				GCC_NO_COMMON_BLOCKS = YES;
				GCC_WARN_64_TO_32_BIT_CONVERSION = YES;
				GCC_WARN_ABOUT_RETURN_TYPE = YES_ERROR;
				GCC_WARN_UNDECLARED_SELECTOR = YES;
				GCC_WARN_UNINITIALIZED_AUTOS = YES_AGGRESSIVE;
				GCC_WARN_UNUSED_FUNCTION = YES;
				GCC_WARN_UNUSED_VARIABLE = YES;
				IPHONEOS_DEPLOYMENT_TARGET = 18.1;
				LOCALIZATION_PREFERS_STRING_CATALOGS = YES;
				MTL_ENABLE_DEBUG_INFO = NO;
				MTL_FAST_MATH = YES;
				SDKROOT = iphoneos;
				SWIFT_COMPILATION_MODE = wholemodule;
				VALIDATE_PRODUCT = YES;
			};
			name = Release;
		};
		88FAC2EB2CEBEA3300F2AD5D /* Debug */ = {
			isa = XCBuildConfiguration;
			buildSettings = {
				ASSETCATALOG_COMPILER_APPICON_NAME = AppIcon;
				ASSETCATALOG_COMPILER_GLOBAL_ACCENT_COLOR_NAME = AccentColor;
				CODE_SIGN_STYLE = Automatic;
				CURRENT_PROJECT_VERSION = 1;
				DEVELOPMENT_ASSET_PATHS = "\"IOS Volleyball/Preview Content\"";
				DEVELOPMENT_TEAM = GJRVCWA2U3;
				ENABLE_PREVIEWS = YES;
				GENERATE_INFOPLIST_FILE = YES;
				INFOPLIST_KEY_UIApplicationSceneManifest_Generation = YES;
				INFOPLIST_KEY_UIApplicationSupportsIndirectInputEvents = YES;
				INFOPLIST_KEY_UILaunchScreen_Generation = YES;
				INFOPLIST_KEY_UISupportedInterfaceOrientations_iPad = "UIInterfaceOrientationPortrait UIInterfaceOrientationPortraitUpsideDown UIInterfaceOrientationLandscapeLeft UIInterfaceOrientationLandscapeRight";
				INFOPLIST_KEY_UISupportedInterfaceOrientations_iPhone = "UIInterfaceOrientationPortrait UIInterfaceOrientationLandscapeLeft UIInterfaceOrientationLandscapeRight";
				LD_RUNPATH_SEARCH_PATHS = (
					"$(inherited)",
					"@executable_path/Frameworks",
				);
				MARKETING_VERSION = 1.0;
				PRODUCT_BUNDLE_IDENTIFIER = "com.yogacode.IOS-Volleyball";
				PRODUCT_NAME = "$(TARGET_NAME)";
				SWIFT_EMIT_LOC_STRINGS = YES;
				SWIFT_VERSION = 5.0;
				TARGETED_DEVICE_FAMILY = "1,2";
			};
			name = Debug;
		};
		88FAC2EC2CEBEA3300F2AD5D /* Release */ = {
			isa = XCBuildConfiguration;
			buildSettings = {
				ASSETCATALOG_COMPILER_APPICON_NAME = AppIcon;
				ASSETCATALOG_COMPILER_GLOBAL_ACCENT_COLOR_NAME = AccentColor;
				CODE_SIGN_STYLE = Automatic;
				CURRENT_PROJECT_VERSION = 1;
				DEVELOPMENT_ASSET_PATHS = "\"IOS Volleyball/Preview Content\"";
				DEVELOPMENT_TEAM = GJRVCWA2U3;
				ENABLE_PREVIEWS = YES;
				GENERATE_INFOPLIST_FILE = YES;
				INFOPLIST_KEY_UIApplicationSceneManifest_Generation = YES;
				INFOPLIST_KEY_UIApplicationSupportsIndirectInputEvents = YES;
				INFOPLIST_KEY_UILaunchScreen_Generation = YES;
				INFOPLIST_KEY_UISupportedInterfaceOrientations_iPad = "UIInterfaceOrientationPortrait UIInterfaceOrientationPortraitUpsideDown UIInterfaceOrientationLandscapeLeft UIInterfaceOrientationLandscapeRight";
				INFOPLIST_KEY_UISupportedInterfaceOrientations_iPhone = "UIInterfaceOrientationPortrait UIInterfaceOrientationLandscapeLeft UIInterfaceOrientationLandscapeRight";
				LD_RUNPATH_SEARCH_PATHS = (
					"$(inherited)",
					"@executable_path/Frameworks",
				);
				MARKETING_VERSION = 1.0;
				PRODUCT_BUNDLE_IDENTIFIER = "com.yogacode.IOS-Volleyball";
				PRODUCT_NAME = "$(TARGET_NAME)";
				SWIFT_EMIT_LOC_STRINGS = YES;
				SWIFT_VERSION = 5.0;
				TARGETED_DEVICE_FAMILY = "1,2";
			};
			name = Release;
		};
		88FAC2EE2CEBEA3300F2AD5D /* Debug */ = {
			isa = XCBuildConfiguration;
			buildSettings = {
				BUNDLE_LOADER = "$(TEST_HOST)";
				CODE_SIGN_STYLE = Automatic;
				CURRENT_PROJECT_VERSION = 1;
				DEVELOPMENT_TEAM = GJRVCWA2U3;
				GENERATE_INFOPLIST_FILE = YES;
				IPHONEOS_DEPLOYMENT_TARGET = 18.1;
				MARKETING_VERSION = 1.0;
				PRODUCT_BUNDLE_IDENTIFIER = "com.yogacode.IOS-VolleyballTests";
				PRODUCT_NAME = "$(TARGET_NAME)";
				SWIFT_EMIT_LOC_STRINGS = NO;
				SWIFT_VERSION = 5.0;
				TARGETED_DEVICE_FAMILY = "1,2";
				TEST_HOST = "$(BUILT_PRODUCTS_DIR)/IOS Volleyball.app/$(BUNDLE_EXECUTABLE_FOLDER_PATH)/IOS Volleyball";
			};
			name = Debug;
		};
		88FAC2EF2CEBEA3300F2AD5D /* Release */ = {
			isa = XCBuildConfiguration;
			buildSettings = {
				BUNDLE_LOADER = "$(TEST_HOST)";
				CODE_SIGN_STYLE = Automatic;
				CURRENT_PROJECT_VERSION = 1;
				DEVELOPMENT_TEAM = GJRVCWA2U3;
				GENERATE_INFOPLIST_FILE = YES;
				IPHONEOS_DEPLOYMENT_TARGET = 18.1;
				MARKETING_VERSION = 1.0;
				PRODUCT_BUNDLE_IDENTIFIER = "com.yogacode.IOS-VolleyballTests";
				PRODUCT_NAME = "$(TARGET_NAME)";
				SWIFT_EMIT_LOC_STRINGS = NO;
				SWIFT_VERSION = 5.0;
				TARGETED_DEVICE_FAMILY = "1,2";
				TEST_HOST = "$(BUILT_PRODUCTS_DIR)/IOS Volleyball.app/$(BUNDLE_EXECUTABLE_FOLDER_PATH)/IOS Volleyball";
			};
			name = Release;
		};
		88FAC2F12CEBEA3300F2AD5D /* Debug */ = {
			isa = XCBuildConfiguration;
			buildSettings = {
				CODE_SIGN_STYLE = Automatic;
				CURRENT_PROJECT_VERSION = 1;
				DEVELOPMENT_TEAM = GJRVCWA2U3;
				GENERATE_INFOPLIST_FILE = YES;
				MARKETING_VERSION = 1.0;
				PRODUCT_BUNDLE_IDENTIFIER = "com.yogacode.IOS-VolleyballUITests";
				PRODUCT_NAME = "$(TARGET_NAME)";
				SWIFT_EMIT_LOC_STRINGS = NO;
				SWIFT_VERSION = 5.0;
				TARGETED_DEVICE_FAMILY = "1,2";
				TEST_TARGET_NAME = "IOS Volleyball";
			};
			name = Debug;
		};
		88FAC2F22CEBEA3300F2AD5D /* Release */ = {
			isa = XCBuildConfiguration;
			buildSettings = {
				CODE_SIGN_STYLE = Automatic;
				CURRENT_PROJECT_VERSION = 1;
				DEVELOPMENT_TEAM = GJRVCWA2U3;
				GENERATE_INFOPLIST_FILE = YES;
				MARKETING_VERSION = 1.0;
				PRODUCT_BUNDLE_IDENTIFIER = "com.yogacode.IOS-VolleyballUITests";
				PRODUCT_NAME = "$(TARGET_NAME)";
				SWIFT_EMIT_LOC_STRINGS = NO;
				SWIFT_VERSION = 5.0;
				TARGETED_DEVICE_FAMILY = "1,2";
				TEST_TARGET_NAME = "IOS Volleyball";
			};
			name = Release;
		};
/* End XCBuildConfiguration section */

/* Begin XCConfigurationList section */
		88FAC2C12CEBEA3100F2AD5D /* Build configuration list for PBXProject "IOS Volleyball" */ = {
			isa = XCConfigurationList;
			buildConfigurations = (
				88FAC2E82CEBEA3300F2AD5D /* Debug */,
				88FAC2E92CEBEA3300F2AD5D /* Release */,
			);
			defaultConfigurationIsVisible = 0;
			defaultConfigurationName = Release;
		};
		88FAC2EA2CEBEA3300F2AD5D /* Build configuration list for PBXNativeTarget "IOS Volleyball" */ = {
			isa = XCConfigurationList;
			buildConfigurations = (
				88FAC2EB2CEBEA3300F2AD5D /* Debug */,
				88FAC2EC2CEBEA3300F2AD5D /* Release */,
			);
			defaultConfigurationIsVisible = 0;
			defaultConfigurationName = Release;
		};
		88FAC2ED2CEBEA3300F2AD5D /* Build configuration list for PBXNativeTarget "IOS VolleyballTests" */ = {
			isa = XCConfigurationList;
			buildConfigurations = (
				88FAC2EE2CEBEA3300F2AD5D /* Debug */,
				88FAC2EF2CEBEA3300F2AD5D /* Release */,
			);
			defaultConfigurationIsVisible = 0;
			defaultConfigurationName = Release;
		};
		88FAC2F02CEBEA3300F2AD5D /* Build configuration list for PBXNativeTarget "IOS VolleyballUITests" */ = {
			isa = XCConfigurationList;
			buildConfigurations = (
				88FAC2F12CEBEA3300F2AD5D /* Debug */,
				88FAC2F22CEBEA3300F2AD5D /* Release */,
			);
			defaultConfigurationIsVisible = 0;
			defaultConfigurationName = Release;
		};
/* End XCConfigurationList section */
	};
	rootObject = 88FAC2BE2CEBEA3100F2AD5D /* Project object */;
}
